// !$*UTF8*$!
{
	archiveVersion = 1;
	classes = {
	};
	objectVersion = 55;
	objects = {

/* Begin PBXBuildFile section */
		3E566FD0D92DF7FB823C6738 /* Pods_dogie_dogieUITests.framework in Frameworks */ = {isa = PBXBuildFile; fileRef = D1241C8869EFC4CFE94EF3F1 /* Pods_dogie_dogieUITests.framework */; };
		51AB211F265403E4E5FE963A /* Pods_dogieTests.framework in Frameworks */ = {isa = PBXBuildFile; fileRef = 564B007AED14F58D79CC7AEC /* Pods_dogieTests.framework */; };
		78A69484283A747D0016C402 /* AppDelegate.swift in Sources */ = {isa = PBXBuildFile; fileRef = 78A69483283A747D0016C402 /* AppDelegate.swift */; };
		78A69486283A747D0016C402 /* SceneDelegate.swift in Sources */ = {isa = PBXBuildFile; fileRef = 78A69485283A747D0016C402 /* SceneDelegate.swift */; };
		78A69488283A747D0016C402 /* ViewController.swift in Sources */ = {isa = PBXBuildFile; fileRef = 78A69487283A747D0016C402 /* ViewController.swift */; };
		78A6948B283A747D0016C402 /* Main.storyboard in Resources */ = {isa = PBXBuildFile; fileRef = 78A69489283A747D0016C402 /* Main.storyboard */; };
		78A6948D283A74810016C402 /* Assets.xcassets in Resources */ = {isa = PBXBuildFile; fileRef = 78A6948C283A74810016C402 /* Assets.xcassets */; };
		78A69490283A74810016C402 /* LaunchScreen.storyboard in Resources */ = {isa = PBXBuildFile; fileRef = 78A6948E283A74810016C402 /* LaunchScreen.storyboard */; };
		78A6949B283A74810016C402 /* dogieTests.swift in Sources */ = {isa = PBXBuildFile; fileRef = 78A6949A283A74810016C402 /* dogieTests.swift */; };
		78A694A5283A74810016C402 /* dogieUITests.swift in Sources */ = {isa = PBXBuildFile; fileRef = 78A694A4283A74810016C402 /* dogieUITests.swift */; };
		78A694A7283A74810016C402 /* dogieUITestsLaunchTests.swift in Sources */ = {isa = PBXBuildFile; fileRef = 78A694A6283A74810016C402 /* dogieUITestsLaunchTests.swift */; };
		B5D367AA483CD3EFEA7DE91C /* Pods_dogie.framework in Frameworks */ = {isa = PBXBuildFile; fileRef = D3FD279D154901A2AB658406 /* Pods_dogie.framework */; };
/* End PBXBuildFile section */

/* Begin PBXContainerItemProxy section */
		78A69497283A74810016C402 /* PBXContainerItemProxy */ = {
			isa = PBXContainerItemProxy;
			containerPortal = 78A69478283A747D0016C402 /* Project object */;
			proxyType = 1;
			remoteGlobalIDString = 78A6947F283A747D0016C402;
			remoteInfo = dogie;
		};
		78A694A1283A74810016C402 /* PBXContainerItemProxy */ = {
			isa = PBXContainerItemProxy;
			containerPortal = 78A69478283A747D0016C402 /* Project object */;
			proxyType = 1;
			remoteGlobalIDString = 78A6947F283A747D0016C402;
			remoteInfo = dogie;
		};
/* End PBXContainerItemProxy section */

/* Begin PBXFileReference section */
		3C4A21DF89DF31A861A3EB8B /* Pods-dogieTests.release.xcconfig */ = {isa = PBXFileReference; includeInIndex = 1; lastKnownFileType = text.xcconfig; name = "Pods-dogieTests.release.xcconfig"; path = "Target Support Files/Pods-dogieTests/Pods-dogieTests.release.xcconfig"; sourceTree = "<group>"; };
		564B007AED14F58D79CC7AEC /* Pods_dogieTests.framework */ = {isa = PBXFileReference; explicitFileType = wrapper.framework; includeInIndex = 0; path = Pods_dogieTests.framework; sourceTree = BUILT_PRODUCTS_DIR; };
		6273E83CBA6E0CA895946ECB /* Pods-dogieTests.debug.xcconfig */ = {isa = PBXFileReference; includeInIndex = 1; lastKnownFileType = text.xcconfig; name = "Pods-dogieTests.debug.xcconfig"; path = "Target Support Files/Pods-dogieTests/Pods-dogieTests.debug.xcconfig"; sourceTree = "<group>"; };
		644BFB64F34EFBD525DCFBC0 /* Pods-dogie-dogieUITests.release.xcconfig */ = {isa = PBXFileReference; includeInIndex = 1; lastKnownFileType = text.xcconfig; name = "Pods-dogie-dogieUITests.release.xcconfig"; path = "Target Support Files/Pods-dogie-dogieUITests/Pods-dogie-dogieUITests.release.xcconfig"; sourceTree = "<group>"; };
		723FACF05FA8D7087301ECB7 /* Pods-dogie.debug.xcconfig */ = {isa = PBXFileReference; includeInIndex = 1; lastKnownFileType = text.xcconfig; name = "Pods-dogie.debug.xcconfig"; path = "Target Support Files/Pods-dogie/Pods-dogie.debug.xcconfig"; sourceTree = "<group>"; };
		78A69480283A747D0016C402 /* dogie.app */ = {isa = PBXFileReference; explicitFileType = wrapper.application; includeInIndex = 0; path = dogie.app; sourceTree = BUILT_PRODUCTS_DIR; };
		78A69483283A747D0016C402 /* AppDelegate.swift */ = {isa = PBXFileReference; lastKnownFileType = sourcecode.swift; path = AppDelegate.swift; sourceTree = "<group>"; };
		78A69485283A747D0016C402 /* SceneDelegate.swift */ = {isa = PBXFileReference; lastKnownFileType = sourcecode.swift; path = SceneDelegate.swift; sourceTree = "<group>"; };
		78A69487283A747D0016C402 /* ViewController.swift */ = {isa = PBXFileReference; lastKnownFileType = sourcecode.swift; path = ViewController.swift; sourceTree = "<group>"; };
		78A6948A283A747D0016C402 /* Base */ = {isa = PBXFileReference; lastKnownFileType = file.storyboard; name = Base; path = Base.lproj/Main.storyboard; sourceTree = "<group>"; };
		78A6948C283A74810016C402 /* Assets.xcassets */ = {isa = PBXFileReference; lastKnownFileType = folder.assetcatalog; path = Assets.xcassets; sourceTree = "<group>"; };
		78A6948F283A74810016C402 /* Base */ = {isa = PBXFileReference; lastKnownFileType = file.storyboard; name = Base; path = Base.lproj/LaunchScreen.storyboard; sourceTree = "<group>"; };
		78A69491283A74810016C402 /* Info.plist */ = {isa = PBXFileReference; lastKnownFileType = text.plist.xml; path = Info.plist; sourceTree = "<group>"; };
		78A69496283A74810016C402 /* dogieTests.xctest */ = {isa = PBXFileReference; explicitFileType = wrapper.cfbundle; includeInIndex = 0; path = dogieTests.xctest; sourceTree = BUILT_PRODUCTS_DIR; };
		78A6949A283A74810016C402 /* dogieTests.swift */ = {isa = PBXFileReference; lastKnownFileType = sourcecode.swift; path = dogieTests.swift; sourceTree = "<group>"; };
		78A694A0283A74810016C402 /* dogieUITests.xctest */ = {isa = PBXFileReference; explicitFileType = wrapper.cfbundle; includeInIndex = 0; path = dogieUITests.xctest; sourceTree = BUILT_PRODUCTS_DIR; };
		78A694A4283A74810016C402 /* dogieUITests.swift */ = {isa = PBXFileReference; lastKnownFileType = sourcecode.swift; path = dogieUITests.swift; sourceTree = "<group>"; };
		78A694A6283A74810016C402 /* dogieUITestsLaunchTests.swift */ = {isa = PBXFileReference; lastKnownFileType = sourcecode.swift; path = dogieUITestsLaunchTests.swift; sourceTree = "<group>"; };
		90188A953B1D64159E0AB24A /* Pods-dogie.release.xcconfig */ = {isa = PBXFileReference; includeInIndex = 1; lastKnownFileType = text.xcconfig; name = "Pods-dogie.release.xcconfig"; path = "Target Support Files/Pods-dogie/Pods-dogie.release.xcconfig"; sourceTree = "<group>"; };
		BA3CA967ECB99AE7B8DE2FBA /* Pods-dogie-dogieUITests.debug.xcconfig */ = {isa = PBXFileReference; includeInIndex = 1; lastKnownFileType = text.xcconfig; name = "Pods-dogie-dogieUITests.debug.xcconfig"; path = "Target Support Files/Pods-dogie-dogieUITests/Pods-dogie-dogieUITests.debug.xcconfig"; sourceTree = "<group>"; };
		D1241C8869EFC4CFE94EF3F1 /* Pods_dogie_dogieUITests.framework */ = {isa = PBXFileReference; explicitFileType = wrapper.framework; includeInIndex = 0; path = Pods_dogie_dogieUITests.framework; sourceTree = BUILT_PRODUCTS_DIR; };
		D3FD279D154901A2AB658406 /* Pods_dogie.framework */ = {isa = PBXFileReference; explicitFileType = wrapper.framework; includeInIndex = 0; path = Pods_dogie.framework; sourceTree = BUILT_PRODUCTS_DIR; };
/* End PBXFileReference section */

/* Begin PBXFrameworksBuildPhase section */
		78A6947D283A747D0016C402 /* Frameworks */ = {
			isa = PBXFrameworksBuildPhase;
			buildActionMask = 2147483647;
			files = (
				B5D367AA483CD3EFEA7DE91C /* Pods_dogie.framework in Frameworks */,
			);
			runOnlyForDeploymentPostprocessing = 0;
		};
		78A69493283A74810016C402 /* Frameworks */ = {
			isa = PBXFrameworksBuildPhase;
			buildActionMask = 2147483647;
			files = (
				51AB211F265403E4E5FE963A /* Pods_dogieTests.framework in Frameworks */,
			);
			runOnlyForDeploymentPostprocessing = 0;
		};
		78A6949D283A74810016C402 /* Frameworks */ = {
			isa = PBXFrameworksBuildPhase;
			buildActionMask = 2147483647;
			files = (
				3E566FD0D92DF7FB823C6738 /* Pods_dogie_dogieUITests.framework in Frameworks */,
			);
			runOnlyForDeploymentPostprocessing = 0;
		};
/* End PBXFrameworksBuildPhase section */

/* Begin PBXGroup section */
		3D47C7DE614C74B85E049C62 /* Frameworks */ = {
			isa = PBXGroup;
			children = (
				D3FD279D154901A2AB658406 /* Pods_dogie.framework */,
				D1241C8869EFC4CFE94EF3F1 /* Pods_dogie_dogieUITests.framework */,
				564B007AED14F58D79CC7AEC /* Pods_dogieTests.framework */,
			);
			name = Frameworks;
			sourceTree = "<group>";
		};
		77B966969A3C700977292B12 /* Pods */ = {
			isa = PBXGroup;
			children = (
				723FACF05FA8D7087301ECB7 /* Pods-dogie.debug.xcconfig */,
				90188A953B1D64159E0AB24A /* Pods-dogie.release.xcconfig */,
				BA3CA967ECB99AE7B8DE2FBA /* Pods-dogie-dogieUITests.debug.xcconfig */,
				644BFB64F34EFBD525DCFBC0 /* Pods-dogie-dogieUITests.release.xcconfig */,
				6273E83CBA6E0CA895946ECB /* Pods-dogieTests.debug.xcconfig */,
				3C4A21DF89DF31A861A3EB8B /* Pods-dogieTests.release.xcconfig */,
			);
			name = Pods;
			path = Pods;
			sourceTree = "<group>";
		};
		78A69477283A747D0016C402 = {
			isa = PBXGroup;
			children = (
				78A69482283A747D0016C402 /* dogie */,
				78A69499283A74810016C402 /* dogieTests */,
				78A694A3283A74810016C402 /* dogieUITests */,
				78A69481283A747D0016C402 /* Products */,
				77B966969A3C700977292B12 /* Pods */,
				3D47C7DE614C74B85E049C62 /* Frameworks */,
			);
			sourceTree = "<group>";
		};
		78A69481283A747D0016C402 /* Products */ = {
			isa = PBXGroup;
			children = (
				78A69480283A747D0016C402 /* dogie.app */,
				78A69496283A74810016C402 /* dogieTests.xctest */,
				78A694A0283A74810016C402 /* dogieUITests.xctest */,
			);
			name = Products;
			sourceTree = "<group>";
		};
		78A69482283A747D0016C402 /* dogie */ = {
			isa = PBXGroup;
			children = (
				78A69483283A747D0016C402 /* AppDelegate.swift */,
				78A69485283A747D0016C402 /* SceneDelegate.swift */,
				78A69487283A747D0016C402 /* ViewController.swift */,
				78A69489283A747D0016C402 /* Main.storyboard */,
				78A6948C283A74810016C402 /* Assets.xcassets */,
				78A6948E283A74810016C402 /* LaunchScreen.storyboard */,
				78A69491283A74810016C402 /* Info.plist */,
			);
			path = dogie;
			sourceTree = "<group>";
		};
		78A69499283A74810016C402 /* dogieTests */ = {
			isa = PBXGroup;
			children = (
				78A6949A283A74810016C402 /* dogieTests.swift */,
			);
			path = dogieTests;
			sourceTree = "<group>";
		};
		78A694A3283A74810016C402 /* dogieUITests */ = {
			isa = PBXGroup;
			children = (
				78A694A4283A74810016C402 /* dogieUITests.swift */,
				78A694A6283A74810016C402 /* dogieUITestsLaunchTests.swift */,
			);
			path = dogieUITests;
			sourceTree = "<group>";
		};
/* End PBXGroup section */

/* Begin PBXNativeTarget section */
		78A6947F283A747D0016C402 /* dogie */ = {
			isa = PBXNativeTarget;
			buildConfigurationList = 78A694AA283A74810016C402 /* Build configuration list for PBXNativeTarget "dogie" */;
			buildPhases = (
				CBEE8B59107A385817A71807 /* [CP] Check Pods Manifest.lock */,
				78A6947C283A747D0016C402 /* Sources */,
				78A6947D283A747D0016C402 /* Frameworks */,
				78A6947E283A747D0016C402 /* Resources */,
				59BA21A79C0BCDCD206A3611 /* [CP] Embed Pods Frameworks */,
			);
			buildRules = (
			);
			dependencies = (
			);
			name = dogie;
			productName = dogie;
			productReference = 78A69480283A747D0016C402 /* dogie.app */;
			productType = "com.apple.product-type.application";
		};
		78A69495283A74810016C402 /* dogieTests */ = {
			isa = PBXNativeTarget;
			buildConfigurationList = 78A694AD283A74810016C402 /* Build configuration list for PBXNativeTarget "dogieTests" */;
			buildPhases = (
				34A0D6FA5DC2593FD91500B4 /* [CP] Check Pods Manifest.lock */,
				78A69492283A74810016C402 /* Sources */,
				78A69493283A74810016C402 /* Frameworks */,
				78A69494283A74810016C402 /* Resources */,
			);
			buildRules = (
			);
			dependencies = (
				78A69498283A74810016C402 /* PBXTargetDependency */,
			);
			name = dogieTests;
			productName = dogieTests;
			productReference = 78A69496283A74810016C402 /* dogieTests.xctest */;
			productType = "com.apple.product-type.bundle.unit-test";
		};
		78A6949F283A74810016C402 /* dogieUITests */ = {
			isa = PBXNativeTarget;
			buildConfigurationList = 78A694B0283A74810016C402 /* Build configuration list for PBXNativeTarget "dogieUITests" */;
			buildPhases = (
				5CBBCF38996D1067682841E7 /* [CP] Check Pods Manifest.lock */,
				78A6949C283A74810016C402 /* Sources */,
				78A6949D283A74810016C402 /* Frameworks */,
				78A6949E283A74810016C402 /* Resources */,
				342767FF5EE60810BE784102 /* [CP] Embed Pods Frameworks */,
			);
			buildRules = (
			);
			dependencies = (
				78A694A2283A74810016C402 /* PBXTargetDependency */,
			);
			name = dogieUITests;
			productName = dogieUITests;
			productReference = 78A694A0283A74810016C402 /* dogieUITests.xctest */;
			productType = "com.apple.product-type.bundle.ui-testing";
		};
/* End PBXNativeTarget section */

/* Begin PBXProject section */
		78A69478283A747D0016C402 /* Project object */ = {
			isa = PBXProject;
			attributes = {
				BuildIndependentTargetsInParallel = 1;
				LastSwiftUpdateCheck = 1330;
				LastUpgradeCheck = 1330;
				TargetAttributes = {
					78A6947F283A747D0016C402 = {
						CreatedOnToolsVersion = 13.3.1;
					};
					78A69495283A74810016C402 = {
						CreatedOnToolsVersion = 13.3.1;
						TestTargetID = 78A6947F283A747D0016C402;
					};
					78A6949F283A74810016C402 = {
						CreatedOnToolsVersion = 13.3.1;
						TestTargetID = 78A6947F283A747D0016C402;
					};
				};
			};
			buildConfigurationList = 78A6947B283A747D0016C402 /* Build configuration list for PBXProject "dogie" */;
			compatibilityVersion = "Xcode 13.0";
			developmentRegion = en;
			hasScannedForEncodings = 0;
			knownRegions = (
				en,
				Base,
			);
			mainGroup = 78A69477283A747D0016C402;
			productRefGroup = 78A69481283A747D0016C402 /* Products */;
			projectDirPath = "";
			projectRoot = "";
			targets = (
				78A6947F283A747D0016C402 /* dogie */,
				78A69495283A74810016C402 /* dogieTests */,
				78A6949F283A74810016C402 /* dogieUITests */,
			);
		};
/* End PBXProject section */

/* Begin PBXResourcesBuildPhase section */
		78A6947E283A747D0016C402 /* Resources */ = {
			isa = PBXResourcesBuildPhase;
			buildActionMask = 2147483647;
			files = (
				78A69490283A74810016C402 /* LaunchScreen.storyboard in Resources */,
				78A6948D283A74810016C402 /* Assets.xcassets in Resources */,
				78A6948B283A747D0016C402 /* Main.storyboard in Resources */,
			);
			runOnlyForDeploymentPostprocessing = 0;
		};
		78A69494283A74810016C402 /* Resources */ = {
			isa = PBXResourcesBuildPhase;
			buildActionMask = 2147483647;
			files = (
			);
			runOnlyForDeploymentPostprocessing = 0;
		};
		78A6949E283A74810016C402 /* Resources */ = {
			isa = PBXResourcesBuildPhase;
			buildActionMask = 2147483647;
			files = (
			);
			runOnlyForDeploymentPostprocessing = 0;
		};
/* End PBXResourcesBuildPhase section */

/* Begin PBXShellScriptBuildPhase section */
		342767FF5EE60810BE784102 /* [CP] Embed Pods Frameworks */ = {
			isa = PBXShellScriptBuildPhase;
			buildActionMask = 2147483647;
			files = (
			);
			inputFileListPaths = (
				"${PODS_ROOT}/Target Support Files/Pods-dogie-dogieUITests/Pods-dogie-dogieUITests-frameworks-${CONFIGURATION}-input-files.xcfilelist",
			);
			name = "[CP] Embed Pods Frameworks";
			outputFileListPaths = (
				"${PODS_ROOT}/Target Support Files/Pods-dogie-dogieUITests/Pods-dogie-dogieUITests-frameworks-${CONFIGURATION}-output-files.xcfilelist",
			);
			runOnlyForDeploymentPostprocessing = 0;
			shellPath = /bin/sh;
			shellScript = "\"${PODS_ROOT}/Target Support Files/Pods-dogie-dogieUITests/Pods-dogie-dogieUITests-frameworks.sh\"\n";
			showEnvVarsInLog = 0;
		};
		34A0D6FA5DC2593FD91500B4 /* [CP] Check Pods Manifest.lock */ = {
			isa = PBXShellScriptBuildPhase;
			buildActionMask = 2147483647;
			files = (
			);
			inputFileListPaths = (
			);
			inputPaths = (
				"${PODS_PODFILE_DIR_PATH}/Podfile.lock",
				"${PODS_ROOT}/Manifest.lock",
			);
			name = "[CP] Check Pods Manifest.lock";
			outputFileListPaths = (
			);
			outputPaths = (
				"$(DERIVED_FILE_DIR)/Pods-dogieTests-checkManifestLockResult.txt",
			);
			runOnlyForDeploymentPostprocessing = 0;
			shellPath = /bin/sh;
			shellScript = "diff \"${PODS_PODFILE_DIR_PATH}/Podfile.lock\" \"${PODS_ROOT}/Manifest.lock\" > /dev/null\nif [ $? != 0 ] ; then\n    # print error to STDERR\n    echo \"error: The sandbox is not in sync with the Podfile.lock. Run 'pod install' or update your CocoaPods installation.\" >&2\n    exit 1\nfi\n# This output is used by Xcode 'outputs' to avoid re-running this script phase.\necho \"SUCCESS\" > \"${SCRIPT_OUTPUT_FILE_0}\"\n";
			showEnvVarsInLog = 0;
		};
		59BA21A79C0BCDCD206A3611 /* [CP] Embed Pods Frameworks */ = {
			isa = PBXShellScriptBuildPhase;
			buildActionMask = 2147483647;
			files = (
			);
			inputFileListPaths = (
				"${PODS_ROOT}/Target Support Files/Pods-dogie/Pods-dogie-frameworks-${CONFIGURATION}-input-files.xcfilelist",
			);
			name = "[CP] Embed Pods Frameworks";
			outputFileListPaths = (
				"${PODS_ROOT}/Target Support Files/Pods-dogie/Pods-dogie-frameworks-${CONFIGURATION}-output-files.xcfilelist",
			);
			runOnlyForDeploymentPostprocessing = 0;
			shellPath = /bin/sh;
			shellScript = "\"${PODS_ROOT}/Target Support Files/Pods-dogie/Pods-dogie-frameworks.sh\"\n";
			showEnvVarsInLog = 0;
		};
		5CBBCF38996D1067682841E7 /* [CP] Check Pods Manifest.lock */ = {
			isa = PBXShellScriptBuildPhase;
			buildActionMask = 2147483647;
			files = (
			);
			inputFileListPaths = (
			);
			inputPaths = (
				"${PODS_PODFILE_DIR_PATH}/Podfile.lock",
				"${PODS_ROOT}/Manifest.lock",
			);
			name = "[CP] Check Pods Manifest.lock";
			outputFileListPaths = (
			);
			outputPaths = (
				"$(DERIVED_FILE_DIR)/Pods-dogie-dogieUITests-checkManifestLockResult.txt",
			);
			runOnlyForDeploymentPostprocessing = 0;
			shellPath = /bin/sh;
			shellScript = "diff \"${PODS_PODFILE_DIR_PATH}/Podfile.lock\" \"${PODS_ROOT}/Manifest.lock\" > /dev/null\nif [ $? != 0 ] ; then\n    # print error to STDERR\n    echo \"error: The sandbox is not in sync with the Podfile.lock. Run 'pod install' or update your CocoaPods installation.\" >&2\n    exit 1\nfi\n# This output is used by Xcode 'outputs' to avoid re-running this script phase.\necho \"SUCCESS\" > \"${SCRIPT_OUTPUT_FILE_0}\"\n";
			showEnvVarsInLog = 0;
		};
		CBEE8B59107A385817A71807 /* [CP] Check Pods Manifest.lock */ = {
			isa = PBXShellScriptBuildPhase;
			buildActionMask = 2147483647;
			files = (
			);
			inputFileListPaths = (
			);
			inputPaths = (
				"${PODS_PODFILE_DIR_PATH}/Podfile.lock",
				"${PODS_ROOT}/Manifest.lock",
			);
			name = "[CP] Check Pods Manifest.lock";
			outputFileListPaths = (
			);
			outputPaths = (
				"$(DERIVED_FILE_DIR)/Pods-dogie-checkManifestLockResult.txt",
			);
			runOnlyForDeploymentPostprocessing = 0;
			shellPath = /bin/sh;
			shellScript = "diff \"${PODS_PODFILE_DIR_PATH}/Podfile.lock\" \"${PODS_ROOT}/Manifest.lock\" > /dev/null\nif [ $? != 0 ] ; then\n    # print error to STDERR\n    echo \"error: The sandbox is not in sync with the Podfile.lock. Run 'pod install' or update your CocoaPods installation.\" >&2\n    exit 1\nfi\n# This output is used by Xcode 'outputs' to avoid re-running this script phase.\necho \"SUCCESS\" > \"${SCRIPT_OUTPUT_FILE_0}\"\n";
			showEnvVarsInLog = 0;
		};
/* End PBXShellScriptBuildPhase section */

/* Begin PBXSourcesBuildPhase section */
		78A6947C283A747D0016C402 /* Sources */ = {
			isa = PBXSourcesBuildPhase;
			buildActionMask = 2147483647;
			files = (
				78A69488283A747D0016C402 /* ViewController.swift in Sources */,
				78A69484283A747D0016C402 /* AppDelegate.swift in Sources */,
				78A69486283A747D0016C402 /* SceneDelegate.swift in Sources */,
			);
			runOnlyForDeploymentPostprocessing = 0;
		};
		78A69492283A74810016C402 /* Sources */ = {
			isa = PBXSourcesBuildPhase;
			buildActionMask = 2147483647;
			files = (
				78A6949B283A74810016C402 /* dogieTests.swift in Sources */,
			);
			runOnlyForDeploymentPostprocessing = 0;
		};
		78A6949C283A74810016C402 /* Sources */ = {
			isa = PBXSourcesBuildPhase;
			buildActionMask = 2147483647;
			files = (
				78A694A5283A74810016C402 /* dogieUITests.swift in Sources */,
				78A694A7283A74810016C402 /* dogieUITestsLaunchTests.swift in Sources */,
			);
			runOnlyForDeploymentPostprocessing = 0;
		};
/* End PBXSourcesBuildPhase section */

/* Begin PBXTargetDependency section */
		78A69498283A74810016C402 /* PBXTargetDependency */ = {
			isa = PBXTargetDependency;
			target = 78A6947F283A747D0016C402 /* dogie */;
			targetProxy = 78A69497283A74810016C402 /* PBXContainerItemProxy */;
		};
		78A694A2283A74810016C402 /* PBXTargetDependency */ = {
			isa = PBXTargetDependency;
			target = 78A6947F283A747D0016C402 /* dogie */;
			targetProxy = 78A694A1283A74810016C402 /* PBXContainerItemProxy */;
		};
/* End PBXTargetDependency section */

/* Begin PBXVariantGroup section */
		78A69489283A747D0016C402 /* Main.storyboard */ = {
			isa = PBXVariantGroup;
			children = (
				78A6948A283A747D0016C402 /* Base */,
			);
			name = Main.storyboard;
			sourceTree = "<group>";
		};
		78A6948E283A74810016C402 /* LaunchScreen.storyboard */ = {
			isa = PBXVariantGroup;
			children = (
				78A6948F283A74810016C402 /* Base */,
			);
			name = LaunchScreen.storyboard;
			sourceTree = "<group>";
		};
/* End PBXVariantGroup section */

/* Begin XCBuildConfiguration section */
		78A694A8283A74810016C402 /* Debug */ = {
			isa = XCBuildConfiguration;
			buildSettings = {
				ALWAYS_SEARCH_USER_PATHS = NO;
				CLANG_ANALYZER_NONNULL = YES;
				CLANG_ANALYZER_NUMBER_OBJECT_CONVERSION = YES_AGGRESSIVE;
				CLANG_CXX_LANGUAGE_STANDARD = "gnu++17";
				CLANG_ENABLE_MODULES = YES;
				CLANG_ENABLE_OBJC_ARC = YES;
				CLANG_ENABLE_OBJC_WEAK = YES;
				CLANG_WARN_BLOCK_CAPTURE_AUTORELEASING = YES;
				CLANG_WARN_BOOL_CONVERSION = YES;
				CLANG_WARN_COMMA = YES;
				CLANG_WARN_CONSTANT_CONVERSION = YES;
				CLANG_WARN_DEPRECATED_OBJC_IMPLEMENTATIONS = YES;
				CLANG_WARN_DIRECT_OBJC_ISA_USAGE = YES_ERROR;
				CLANG_WARN_DOCUMENTATION_COMMENTS = YES;
				CLANG_WARN_EMPTY_BODY = YES;
				CLANG_WARN_ENUM_CONVERSION = YES;
				CLANG_WARN_INFINITE_RECURSION = YES;
				CLANG_WARN_INT_CONVERSION = YES;
				CLANG_WARN_NON_LITERAL_NULL_CONVERSION = YES;
				CLANG_WARN_OBJC_IMPLICIT_RETAIN_SELF = YES;
				CLANG_WARN_OBJC_LITERAL_CONVERSION = YES;
				CLANG_WARN_OBJC_ROOT_CLASS = YES_ERROR;
				CLANG_WARN_QUOTED_INCLUDE_IN_FRAMEWORK_HEADER = YES;
				CLANG_WARN_RANGE_LOOP_ANALYSIS = YES;
				CLANG_WARN_STRICT_PROTOTYPES = YES;
				CLANG_WARN_SUSPICIOUS_MOVE = YES;
				CLANG_WARN_UNGUARDED_AVAILABILITY = YES_AGGRESSIVE;
				CLANG_WARN_UNREACHABLE_CODE = YES;
				CLANG_WARN__DUPLICATE_METHOD_MATCH = YES;
				COPY_PHASE_STRIP = NO;
				DEBUG_INFORMATION_FORMAT = dwarf;
				ENABLE_STRICT_OBJC_MSGSEND = YES;
				ENABLE_TESTABILITY = YES;
				GCC_C_LANGUAGE_STANDARD = gnu11;
				GCC_DYNAMIC_NO_PIC = NO;
				GCC_NO_COMMON_BLOCKS = YES;
				GCC_OPTIMIZATION_LEVEL = 0;
				GCC_PREPROCESSOR_DEFINITIONS = (
					"DEBUG=1",
					"$(inherited)",
				);
				GCC_WARN_64_TO_32_BIT_CONVERSION = YES;
				GCC_WARN_ABOUT_RETURN_TYPE = YES_ERROR;
				GCC_WARN_UNDECLARED_SELECTOR = YES;
				GCC_WARN_UNINITIALIZED_AUTOS = YES_AGGRESSIVE;
				GCC_WARN_UNUSED_FUNCTION = YES;
				GCC_WARN_UNUSED_VARIABLE = YES;
				IPHONEOS_DEPLOYMENT_TARGET = 15.4;
				MTL_ENABLE_DEBUG_INFO = INCLUDE_SOURCE;
				MTL_FAST_MATH = YES;
				ONLY_ACTIVE_ARCH = YES;
				SDKROOT = iphoneos;
				SWIFT_ACTIVE_COMPILATION_CONDITIONS = DEBUG;
				SWIFT_OPTIMIZATION_LEVEL = "-Onone";
			};
			name = Debug;
		};
		78A694A9283A74810016C402 /* Release */ = {
			isa = XCBuildConfiguration;
			buildSettings = {
				ALWAYS_SEARCH_USER_PATHS = NO;
				CLANG_ANALYZER_NONNULL = YES;
				CLANG_ANALYZER_NUMBER_OBJECT_CONVERSION = YES_AGGRESSIVE;
				CLANG_CXX_LANGUAGE_STANDARD = "gnu++17";
				CLANG_ENABLE_MODULES = YES;
				CLANG_ENABLE_OBJC_ARC = YES;
				CLANG_ENABLE_OBJC_WEAK = YES;
				CLANG_WARN_BLOCK_CAPTURE_AUTORELEASING = YES;
				CLANG_WARN_BOOL_CONVERSION = YES;
				CLANG_WARN_COMMA = YES;
				CLANG_WARN_CONSTANT_CONVERSION = YES;
				CLANG_WARN_DEPRECATED_OBJC_IMPLEMENTATIONS = YES;
				CLANG_WARN_DIRECT_OBJC_ISA_USAGE = YES_ERROR;
				CLANG_WARN_DOCUMENTATION_COMMENTS = YES;
				CLANG_WARN_EMPTY_BODY = YES;
				CLANG_WARN_ENUM_CONVERSION = YES;
				CLANG_WARN_INFINITE_RECURSION = YES;
				CLANG_WARN_INT_CONVERSION = YES;
				CLANG_WARN_NON_LITERAL_NULL_CONVERSION = YES;
				CLANG_WARN_OBJC_IMPLICIT_RETAIN_SELF = YES;
				CLANG_WARN_OBJC_LITERAL_CONVERSION = YES;
				CLANG_WARN_OBJC_ROOT_CLASS = YES_ERROR;
				CLANG_WARN_QUOTED_INCLUDE_IN_FRAMEWORK_HEADER = YES;
				CLANG_WARN_RANGE_LOOP_ANALYSIS = YES;
				CLANG_WARN_STRICT_PROTOTYPES = YES;
				CLANG_WARN_SUSPICIOUS_MOVE = YES;
				CLANG_WARN_UNGUARDED_AVAILABILITY = YES_AGGRESSIVE;
				CLANG_WARN_UNREACHABLE_CODE = YES;
				CLANG_WARN__DUPLICATE_METHOD_MATCH = YES;
				COPY_PHASE_STRIP = NO;
				DEBUG_INFORMATION_FORMAT = "dwarf-with-dsym";
				ENABLE_NS_ASSERTIONS = NO;
				ENABLE_STRICT_OBJC_MSGSEND = YES;
				GCC_C_LANGUAGE_STANDARD = gnu11;
				GCC_NO_COMMON_BLOCKS = YES;
				GCC_WARN_64_TO_32_BIT_CONVERSION = YES;
				GCC_WARN_ABOUT_RETURN_TYPE = YES_ERROR;
				GCC_WARN_UNDECLARED_SELECTOR = YES;
				GCC_WARN_UNINITIALIZED_AUTOS = YES_AGGRESSIVE;
				GCC_WARN_UNUSED_FUNCTION = YES;
				GCC_WARN_UNUSED_VARIABLE = YES;
				IPHONEOS_DEPLOYMENT_TARGET = 15.4;
				MTL_ENABLE_DEBUG_INFO = NO;
				MTL_FAST_MATH = YES;
				SDKROOT = iphoneos;
				SWIFT_COMPILATION_MODE = wholemodule;
				SWIFT_OPTIMIZATION_LEVEL = "-O";
				VALIDATE_PRODUCT = YES;
			};
			name = Release;
		};
		78A694AB283A74810016C402 /* Debug */ = {
			isa = XCBuildConfiguration;
			baseConfigurationReference = 723FACF05FA8D7087301ECB7 /* Pods-dogie.debug.xcconfig */;
			buildSettings = {
				ASSETCATALOG_COMPILER_APPICON_NAME = AppIcon;
				ASSETCATALOG_COMPILER_GLOBAL_ACCENT_COLOR_NAME = AccentColor;
				CODE_SIGN_STYLE = Automatic;
				CURRENT_PROJECT_VERSION = 1;
				DEVELOPMENT_TEAM = 9HQ4YMXN74;
				GENERATE_INFOPLIST_FILE = YES;
				INFOPLIST_FILE = dogie/Info.plist;
				INFOPLIST_KEY_UIApplicationSupportsIndirectInputEvents = YES;
				INFOPLIST_KEY_UILaunchStoryboardName = LaunchScreen;
				INFOPLIST_KEY_UIMainStoryboardFile = Main;
				INFOPLIST_KEY_UISupportedInterfaceOrientations_iPad = "UIInterfaceOrientationPortrait UIInterfaceOrientationPortraitUpsideDown UIInterfaceOrientationLandscapeLeft UIInterfaceOrientationLandscapeRight";
				INFOPLIST_KEY_UISupportedInterfaceOrientations_iPhone = "UIInterfaceOrientationPortrait UIInterfaceOrientationLandscapeLeft UIInterfaceOrientationLandscapeRight";
				LD_RUNPATH_SEARCH_PATHS = (
					"$(inherited)",
					"@executable_path/Frameworks",
				);
				MARKETING_VERSION = 1.0;
				PRODUCT_BUNDLE_IDENTIFIER = com.petpeotalk.dogie;
				PRODUCT_NAME = "$(TARGET_NAME)";
				SWIFT_EMIT_LOC_STRINGS = YES;
				SWIFT_VERSION = 5.0;
				TARGETED_DEVICE_FAMILY = "1,2";
			};
			name = Debug;
		};
		78A694AC283A74810016C402 /* Release */ = {
			isa = XCBuildConfiguration;
			baseConfigurationReference = 90188A953B1D64159E0AB24A /* Pods-dogie.release.xcconfig */;
			buildSettings = {
				ASSETCATALOG_COMPILER_APPICON_NAME = AppIcon;
				ASSETCATALOG_COMPILER_GLOBAL_ACCENT_COLOR_NAME = AccentColor;
				CODE_SIGN_STYLE = Automatic;
				CURRENT_PROJECT_VERSION = 1;
				DEVELOPMENT_TEAM = 9HQ4YMXN74;
				GENERATE_INFOPLIST_FILE = YES;
				INFOPLIST_FILE = dogie/Info.plist;
				INFOPLIST_KEY_UIApplicationSupportsIndirectInputEvents = YES;
				INFOPLIST_KEY_UILaunchStoryboardName = LaunchScreen;
				INFOPLIST_KEY_UIMainStoryboardFile = Main;
				INFOPLIST_KEY_UISupportedInterfaceOrientations_iPad = "UIInterfaceOrientationPortrait UIInterfaceOrientationPortraitUpsideDown UIInterfaceOrientationLandscapeLeft UIInterfaceOrientationLandscapeRight";
				INFOPLIST_KEY_UISupportedInterfaceOrientations_iPhone = "UIInterfaceOrientationPortrait UIInterfaceOrientationLandscapeLeft UIInterfaceOrientationLandscapeRight";
				LD_RUNPATH_SEARCH_PATHS = (
					"$(inherited)",
					"@executable_path/Frameworks",
				);
				MARKETING_VERSION = 1.0;
				PRODUCT_BUNDLE_IDENTIFIER = com.petpeotalk.dogie;
				PRODUCT_NAME = "$(TARGET_NAME)";
				SWIFT_EMIT_LOC_STRINGS = YES;
				SWIFT_VERSION = 5.0;
				TARGETED_DEVICE_FAMILY = "1,2";
			};
			name = Release;
		};
		78A694AE283A74810016C402 /* Debug */ = {
			isa = XCBuildConfiguration;
			baseConfigurationReference = 6273E83CBA6E0CA895946ECB /* Pods-dogieTests.debug.xcconfig */;
			buildSettings = {
				ALWAYS_EMBED_SWIFT_STANDARD_LIBRARIES = YES;
				BUNDLE_LOADER = "$(TEST_HOST)";
				CODE_SIGN_STYLE = Automatic;
				CURRENT_PROJECT_VERSION = 1;
				DEVELOPMENT_TEAM = 9HQ4YMXN74;
				GENERATE_INFOPLIST_FILE = YES;
				IPHONEOS_DEPLOYMENT_TARGET = 15.4;
				MARKETING_VERSION = 1.0;
				PRODUCT_BUNDLE_IDENTIFIER = com.petpeotalk.dogieTests;
				PRODUCT_NAME = "$(TARGET_NAME)";
				SWIFT_EMIT_LOC_STRINGS = NO;
				SWIFT_VERSION = 5.0;
				TARGETED_DEVICE_FAMILY = "1,2";
				TEST_HOST = "$(BUILT_PRODUCTS_DIR)/dogie.app/dogie";
			};
			name = Debug;
		};
		78A694AF283A74810016C402 /* Release */ = {
			isa = XCBuildConfiguration;
			baseConfigurationReference = 3C4A21DF89DF31A861A3EB8B /* Pods-dogieTests.release.xcconfig */;
			buildSettings = {
				ALWAYS_EMBED_SWIFT_STANDARD_LIBRARIES = YES;
				BUNDLE_LOADER = "$(TEST_HOST)";
				CODE_SIGN_STYLE = Automatic;
				CURRENT_PROJECT_VERSION = 1;
				DEVELOPMENT_TEAM = 9HQ4YMXN74;
				GENERATE_INFOPLIST_FILE = YES;
				IPHONEOS_DEPLOYMENT_TARGET = 15.4;
				MARKETING_VERSION = 1.0;
				PRODUCT_BUNDLE_IDENTIFIER = com.petpeotalk.dogieTests;
				PRODUCT_NAME = "$(TARGET_NAME)";
				SWIFT_EMIT_LOC_STRINGS = NO;
				SWIFT_VERSION = 5.0;
				TARGETED_DEVICE_FAMILY = "1,2";
				TEST_HOST = "$(BUILT_PRODUCTS_DIR)/dogie.app/dogie";
			};
			name = Release;
		};
		78A694B1283A74810016C402 /* Debug */ = {
			isa = XCBuildConfiguration;
			baseConfigurationReference = BA3CA967ECB99AE7B8DE2FBA /* Pods-dogie-dogieUITests.debug.xcconfig */;
			buildSettings = {
				ALWAYS_EMBED_SWIFT_STANDARD_LIBRARIES = YES;
				CODE_SIGN_STYLE = Automatic;
				CURRENT_PROJECT_VERSION = 1;
				DEVELOPMENT_TEAM = 9HQ4YMXN74;
				GENERATE_INFOPLIST_FILE = YES;
				MARKETING_VERSION = 1.0;
				PRODUCT_BUNDLE_IDENTIFIER = com.petpeotalk.dogieUITests;
				PRODUCT_NAME = "$(TARGET_NAME)";
				SWIFT_EMIT_LOC_STRINGS = NO;
				SWIFT_VERSION = 5.0;
				TARGETED_DEVICE_FAMILY = "1,2";
				TEST_TARGET_NAME = dogie;
			};
			name = Debug;
		};
		78A694B2283A74810016C402 /* Release */ = {
			isa = XCBuildConfiguration;
			baseConfigurationReference = 644BFB64F34EFBD525DCFBC0 /* Pods-dogie-dogieUITests.release.xcconfig */;
			buildSettings = {
				ALWAYS_EMBED_SWIFT_STANDARD_LIBRARIES = YES;
				CODE_SIGN_STYLE = Automatic;
				CURRENT_PROJECT_VERSION = 1;
				DEVELOPMENT_TEAM = 9HQ4YMXN74;
				GENERATE_INFOPLIST_FILE = YES;
				MARKETING_VERSION = 1.0;
				PRODUCT_BUNDLE_IDENTIFIER = com.petpeotalk.dogieUITests;
				PRODUCT_NAME = "$(TARGET_NAME)";
				SWIFT_EMIT_LOC_STRINGS = NO;
				SWIFT_VERSION = 5.0;
				TARGETED_DEVICE_FAMILY = "1,2";
				TEST_TARGET_NAME = dogie;
			};
			name = Release;
		};
/* End XCBuildConfiguration section */

/* Begin XCConfigurationList section */
		78A6947B283A747D0016C402 /* Build configuration list for PBXProject "dogie" */ = {
			isa = XCConfigurationList;
			buildConfigurations = (
				78A694A8283A74810016C402 /* Debug */,
				78A694A9283A74810016C402 /* Release */,
			);
			defaultConfigurationIsVisible = 0;
			defaultConfigurationName = Release;
		};
		78A694AA283A74810016C402 /* Build configuration list for PBXNativeTarget "dogie" */ = {
			isa = XCConfigurationList;
			buildConfigurations = (
				78A694AB283A74810016C402 /* Debug */,
				78A694AC283A74810016C402 /* Release */,
			);
			defaultConfigurationIsVisible = 0;
			defaultConfigurationName = Release;
		};
		78A694AD283A74810016C402 /* Build configuration list for PBXNativeTarget "dogieTests" */ = {
			isa = XCConfigurationList;
			buildConfigurations = (
				78A694AE283A74810016C402 /* Debug */,
				78A694AF283A74810016C402 /* Release */,
			);
			defaultConfigurationIsVisible = 0;
			defaultConfigurationName = Release;
		};
		78A694B0283A74810016C402 /* Build configuration list for PBXNativeTarget "dogieUITests" */ = {
			isa = XCConfigurationList;
			buildConfigurations = (
				78A694B1283A74810016C402 /* Debug */,
				78A694B2283A74810016C402 /* Release */,
			);
			defaultConfigurationIsVisible = 0;
			defaultConfigurationName = Release;
		};
/* End XCConfigurationList section */
	};
	rootObject = 78A69478283A747D0016C402 /* Project object */;
}
